PODS:
  - CustomSizeController (1.0.0)

DEPENDENCIES:
  - CustomSizeController (from `../`)

EXTERNAL SOURCES:
  CustomSizeController:
    :path: "../"

SPEC CHECKSUMS:
  CustomSizeController: d7f31fca133421f112dda812c9ac375ad1279d8b

PODFILE CHECKSUM: 03503fa03ee297ed93309cff9a4653fe2cab9586

COCOAPODS: 1.5.0
